dependencies:
- name: ingress-nginx
  repository: https://kubernetes.github.io/ingress-nginx
  version: 4.11.5
- name: cert-manager
  repository: https://charts.jetstack.io
  version: v1.16.4
- name: oauth2-proxy
  repository: https://oauth2-proxy.github.io/manifests
  version: 7.12.8
digest: sha256:5ee30a11bcbdb41dec547eab7c6da1709c7f8f76a8347227b4b1c1b6932245e6
generated: "2025-04-04T15:02:19.326431979+02:00"
