dependencies:
- name: jupyterhub
  repository: https://jupyterhub.github.io/helm-chart
  version: 3.3.6
- name: dask-gateway
  repository: https://helm.dask.org/
  version: 2024.1.0
- name: kbatch-proxy
  repository: https://kbatch-dev.github.io/helm-chart
  version: 0.4.2
- name: ingress-nginx
  repository: https://kubernetes.github.io/ingress-nginx
  version: 4.12.1
- name: prometheus
  repository: https://prometheus-community.github.io/helm-charts
  version: 25.8.1
- name: grafana
  repository: https://grafana.github.io/helm-charts
  version: 7.0.14
digest: sha256:69357018a16f63e3062966183331cd7921364960c1a675d7dbae218340c880d3
generated: "2025-04-07T09:34:17.583593+02:00"
